
Microsoft Visual Studio Solution File, Format Version 12.00
# Visual Studio Version 17
VisualStudioVersion = 17.5.33627.172
MinimumVisualStudioVersion = 10.0.40219.1
Project("{FAE04EC0-301F-11D3-BF4B-00C04F79EFBC}") = "UserExperience.Domain", "UserExperience.Domain.csproj", "{8F9BB8EB-80EF-4231-9C8B-BD93F60E69D0}"
EndProject
Project("{FAE04EC0-301F-11D3-BF4B-00C04F79EFBC}") = "UserExperience.Application", "..\UserExperience.Application\UserExperience.Application.csproj", "{A4535567-E242-40FE-9E3E-78746026268E}"
EndProject
Project("{FAE04EC0-301F-11D3-BF4B-00C04F79EFBC}") = "UserExperience.Infra.Persistence", "..\UserExperience.Infra\UserExperience.Infra.Persistence.csproj", "{4D36873D-83A1-436B-B8A5-C56E4EEB037F}"
EndProject
Project("{FAE04EC0-301F-11D3-BF4B-00C04F79EFBC}") = "UserExperience.Infrastructure", "..\UserExperience.Infrastructure\UserExperience.Infrastructure.csproj", "{66D4756B-1F71-4ABC-A80F-99FAED32DF26}"
EndProject
Project("{FAE04EC0-301F-11D3-BF4B-00C04F79EFBC}") = "UserExperience.Api", "..\UserExperience.Api\UserExperience.Api.csproj", "{193A3AF7-650B-4FAF-B532-D0C33A857A90}"
EndProject
Project("{FAE04EC0-301F-11D3-BF4B-00C04F79EFBC}") = "UserExperienceApplication.Tests", "..\UserExperienceApplication.Tests\UserExperienceApplication.Tests.csproj", "{105B5B7E-C96A-4D22-9B15-65864D448F55}"
EndProject
Global
	GlobalSection(SolutionConfigurationPlatforms) = preSolution
		Debug|Any CPU = Debug|Any CPU
		Release|Any CPU = Release|Any CPU
	EndGlobalSection
	GlobalSection(ProjectConfigurationPlatforms) = postSolution
		{8F9BB8EB-80EF-4231-9C8B-BD93F60E69D0}.Debug|Any CPU.ActiveCfg = Debug|Any CPU
		{8F9BB8EB-80EF-4231-9C8B-BD93F60E69D0}.Debug|Any CPU.Build.0 = Debug|Any CPU
		{8F9BB8EB-80EF-4231-9C8B-BD93F60E69D0}.Release|Any CPU.ActiveCfg = Release|Any CPU
		{8F9BB8EB-80EF-4231-9C8B-BD93F60E69D0}.Release|Any CPU.Build.0 = Release|Any CPU
		{A4535567-E242-40FE-9E3E-78746026268E}.Debug|Any CPU.ActiveCfg = Debug|Any CPU
		{A4535567-E242-40FE-9E3E-78746026268E}.Debug|Any CPU.Build.0 = Debug|Any CPU
		{A4535567-E242-40FE-9E3E-78746026268E}.Release|Any CPU.ActiveCfg = Release|Any CPU
		{A4535567-E242-40FE-9E3E-78746026268E}.Release|Any CPU.Build.0 = Release|Any CPU
		{4D36873D-83A1-436B-B8A5-C56E4EEB037F}.Debug|Any CPU.ActiveCfg = Debug|Any CPU
		{4D36873D-83A1-436B-B8A5-C56E4EEB037F}.Debug|Any CPU.Build.0 = Debug|Any CPU
		{4D36873D-83A1-436B-B8A5-C56E4EEB037F}.Release|Any CPU.ActiveCfg = Release|Any CPU
		{4D36873D-83A1-436B-B8A5-C56E4EEB037F}.Release|Any CPU.Build.0 = Release|Any CPU
		{66D4756B-1F71-4ABC-A80F-99FAED32DF26}.Debug|Any CPU.ActiveCfg = Debug|Any CPU
		{66D4756B-1F71-4ABC-A80F-99FAED32DF26}.Debug|Any CPU.Build.0 = Debug|Any CPU
		{66D4756B-1F71-4ABC-A80F-99FAED32DF26}.Release|Any CPU.ActiveCfg = Release|Any CPU
		{66D4756B-1F71-4ABC-A80F-99FAED32DF26}.Release|Any CPU.Build.0 = Release|Any CPU
		{193A3AF7-650B-4FAF-B532-D0C33A857A90}.Debug|Any CPU.ActiveCfg = Debug|Any CPU
		{193A3AF7-650B-4FAF-B532-D0C33A857A90}.Debug|Any CPU.Build.0 = Debug|Any CPU
		{193A3AF7-650B-4FAF-B532-D0C33A857A90}.Release|Any CPU.ActiveCfg = Release|Any CPU
		{193A3AF7-650B-4FAF-B532-D0C33A857A90}.Release|Any CPU.Build.0 = Release|Any CPU
		{105B5B7E-C96A-4D22-9B15-65864D448F55}.Debug|Any CPU.ActiveCfg = Debug|Any CPU
		{105B5B7E-C96A-4D22-9B15-65864D448F55}.Debug|Any CPU.Build.0 = Debug|Any CPU
		{105B5B7E-C96A-4D22-9B15-65864D448F55}.Release|Any CPU.ActiveCfg = Release|Any CPU
		{105B5B7E-C96A-4D22-9B15-65864D448F55}.Release|Any CPU.Build.0 = Release|Any CPU
	EndGlobalSection
	GlobalSection(SolutionProperties) = preSolution
		HideSolutionNode = FALSE
	EndGlobalSection
	GlobalSection(ExtensibilityGlobals) = postSolution
		SolutionGuid = {6574F10A-A8C8-4063-A1FB-1520E7972FEA}
	EndGlobalSection
EndGlobal
